
Microsoft Visual Studio Solution File, Format Version 12.00
# Visual Studio Version 17
VisualStudioVersion = 17.5.33530.505
MinimumVisualStudioVersion = 10.0.40219.1
Project("{9A19103F-16F7-4668-BE54-9A1E7A4F7556}") = "Modelos", "Modelos\Modelos.csproj", "{15CCDDA3-E08D-4CB3-B9EC-EAC47B9046DA}"
EndProject
Project("{9A19103F-16F7-4668-BE54-9A1E7A4F7556}") = "Datos", "Datos\Datos.csproj", "{AD0EB51D-CA7A-49B1-8892-9EF1C91E93C4}"
EndProject
Project("{9A19103F-16F7-4668-BE54-9A1E7A4F7556}") = "Blazor", "Blazor\Blazor.csproj", "{514C3513-5D41-47A6-A787-EA73463B96D7}"
EndProject
Global
	GlobalSection(SolutionConfigurationPlatforms) = preSolution
		Debug|Any CPU = Debug|Any CPU
		Release|Any CPU = Release|Any CPU
	EndGlobalSection
	GlobalSection(ProjectConfigurationPlatforms) = postSolution
		{15CCDDA3-E08D-4CB3-B9EC-EAC47B9046DA}.Debug|Any CPU.ActiveCfg = Debug|Any CPU
		{15CCDDA3-E08D-4CB3-B9EC-EAC47B9046DA}.Debug|Any CPU.Build.0 = Debug|Any CPU
		{15CCDDA3-E08D-4CB3-B9EC-EAC47B9046DA}.Release|Any CPU.ActiveCfg = Release|Any CPU
		{15CCDDA3-E08D-4CB3-B9EC-EAC47B9046DA}.Release|Any CPU.Build.0 = Release|Any CPU
		{AD0EB51D-CA7A-49B1-8892-9EF1C91E93C4}.Debug|Any CPU.ActiveCfg = Debug|Any CPU
		{AD0EB51D-CA7A-49B1-8892-9EF1C91E93C4}.Debug|Any CPU.Build.0 = Debug|Any CPU
		{AD0EB51D-CA7A-49B1-8892-9EF1C91E93C4}.Release|Any CPU.ActiveCfg = Release|Any CPU
		{AD0EB51D-CA7A-49B1-8892-9EF1C91E93C4}.Release|Any CPU.Build.0 = Release|Any CPU
		{514C3513-5D41-47A6-A787-EA73463B96D7}.Debug|Any CPU.ActiveCfg = Debug|Any CPU
		{514C3513-5D41-47A6-A787-EA73463B96D7}.Debug|Any CPU.Build.0 = Debug|Any CPU
		{514C3513-5D41-47A6-A787-EA73463B96D7}.Release|Any CPU.ActiveCfg = Release|Any CPU
		{514C3513-5D41-47A6-A787-EA73463B96D7}.Release|Any CPU.Build.0 = Release|Any CPU
	EndGlobalSection
	GlobalSection(SolutionProperties) = preSolution
		HideSolutionNode = FALSE
	EndGlobalSection
	GlobalSection(ExtensibilityGlobals) = postSolution
		SolutionGuid = {91B3FE61-57A9-488A-A2C3-91050E39AAA5}
	EndGlobalSection
EndGlobal
